
Microsoft Visual Studio Solution File, Format Version 12.00
# Visual Studio Version 17
VisualStudioVersion = 17.8.34525.116
MinimumVisualStudioVersion = 10.0.40219.1
Project("{9A19103F-16F7-4668-BE54-9A1E7A4F7556}") = "ScreenSound", "ScreenSound\ScreenSound.csproj", "{89C0FC28-FB4A-458D-BE34-86D388F8B82D}"
EndProject
Global
	GlobalSection(SolutionConfigurationPlatforms) = preSolution
		Debug|Any CPU = Debug|Any CPU
		Release|Any CPU = Release|Any CPU
	EndGlobalSection
	GlobalSection(ProjectConfigurationPlatforms) = postSolution
		{89C0FC28-FB4A-458D-BE34-86D388F8B82D}.Debug|Any CPU.ActiveCfg = Debug|Any CPU
		{89C0FC28-FB4A-458D-BE34-86D388F8B82D}.Debug|Any CPU.Build.0 = Debug|Any CPU
		{89C0FC28-FB4A-458D-BE34-86D388F8B82D}.Release|Any CPU.ActiveCfg = Release|Any CPU
		{89C0FC28-FB4A-458D-BE34-86D388F8B82D}.Release|Any CPU.Build.0 = Release|Any CPU
	EndGlobalSection
	GlobalSection(SolutionProperties) = preSolution
		HideSolutionNode = FALSE
	EndGlobalSection
	GlobalSection(ExtensibilityGlobals) = postSolution
		SolutionGuid = {1E5D5898-53DC-46A1-9043-47D83807CAB1}
	EndGlobalSection
EndGlobal
