
Microsoft Visual Studio Solution File, Format Version 12.00
# Visual Studio Version 17
VisualStudioVersion = 17.6.33829.357
MinimumVisualStudioVersion = 10.0.40219.1
Project("{FAE04EC0-301F-11D3-BF4B-00C04F79EFBC}") = "ScreenSound", "ScreenSound\ScreenSound.csproj", "{F5C38B24-709F-4E97-A7C7-4F2A261EE9FA}"
EndProject
Global
	GlobalSection(SolutionConfigurationPlatforms) = preSolution
		Debug|Any CPU = Debug|Any CPU
		Release|Any CPU = Release|Any CPU
	EndGlobalSection
	GlobalSection(ProjectConfigurationPlatforms) = postSolution
		{F5C38B24-709F-4E97-A7C7-4F2A261EE9FA}.Debug|Any CPU.ActiveCfg = Debug|Any CPU
		{F5C38B24-709F-4E97-A7C7-4F2A261EE9FA}.Debug|Any CPU.Build.0 = Debug|Any CPU
		{F5C38B24-709F-4E97-A7C7-4F2A261EE9FA}.Release|Any CPU.ActiveCfg = Release|Any CPU
		{F5C38B24-709F-4E97-A7C7-4F2A261EE9FA}.Release|Any CPU.Build.0 = Release|Any CPU
	EndGlobalSection
	GlobalSection(SolutionProperties) = preSolution
		HideSolutionNode = FALSE
	EndGlobalSection
	GlobalSection(ExtensibilityGlobals) = postSolution
		SolutionGuid = {2BCC959C-B6FD-48F4-BB54-A9F3DCBAE598}
	EndGlobalSection
EndGlobal
